
Microsoft Visual Studio Solution File, Format Version 12.00
# Visual Studio Version 17
VisualStudioVersion = 17.3.32929.385
MinimumVisualStudioVersion = 10.0.40219.1
Project("{9A19103F-16F7-4668-BE54-9A1E7A4F7556}") = "HalfLife.UnifiedSdk.MapDecompiler.GUI", "HalfLife.UnifiedSdk.MapDecompiler.GUI\HalfLife.UnifiedSdk.MapDecompiler.GUI.csproj", "{656BBBDC-06E1-4103-B01F-A1857715D8F1}"
EndProject
Project("{9A19103F-16F7-4668-BE54-9A1E7A4F7556}") = "HalfLife.UnifiedSdk.MapDecompiler", "HalfLife.UnifiedSdk.MapDecompiler\HalfLife.UnifiedSdk.MapDecompiler.csproj", "{73529BBF-F5FB-4A5E-987C-40219362C8F7}"
EndProject
Project("{FAE04EC0-301F-11D3-BF4B-00C04F79EFBC}") = "HalfLife.UnifiedSdk.MapDecompiler.CmdLine", "HalfLife.UnifiedSdk.MapDecompiler.CmdLine\HalfLife.UnifiedSdk.MapDecompiler.CmdLine.csproj", "{962169C4-82A3-4DFB-B7C0-5D7FE1BD840F}"
EndProject
Project("{FAE04EC0-301F-11D3-BF4B-00C04F79EFBC}") = "HalfLife.UnifiedSdk.MapDecompiler.Jobs", "HalfLife.UnifiedSdk.MapDecompiler.Jobs\HalfLife.UnifiedSdk.MapDecompiler.Jobs.csproj", "{7CEA2488-9BC1-4095-A467-B002F06034A6}"
EndProject
Global
	GlobalSection(SolutionConfigurationPlatforms) = preSolution
		Debug|Any CPU = Debug|Any CPU
		Release|Any CPU = Release|Any CPU
	EndGlobalSection
	GlobalSection(ProjectConfigurationPlatforms) = postSolution
		{656BBBDC-06E1-4103-B01F-A1857715D8F1}.Debug|Any CPU.ActiveCfg = Debug|Any CPU
		{656BBBDC-06E1-4103-B01F-A1857715D8F1}.Debug|Any CPU.Build.0 = Debug|Any CPU
		{656BBBDC-06E1-4103-B01F-A1857715D8F1}.Release|Any CPU.ActiveCfg = Release|Any CPU
		{656BBBDC-06E1-4103-B01F-A1857715D8F1}.Release|Any CPU.Build.0 = Release|Any CPU
		{73529BBF-F5FB-4A5E-987C-40219362C8F7}.Debug|Any CPU.ActiveCfg = Debug|Any CPU
		{73529BBF-F5FB-4A5E-987C-40219362C8F7}.Debug|Any CPU.Build.0 = Debug|Any CPU
		{73529BBF-F5FB-4A5E-987C-40219362C8F7}.Release|Any CPU.ActiveCfg = Release|Any CPU
		{73529BBF-F5FB-4A5E-987C-40219362C8F7}.Release|Any CPU.Build.0 = Release|Any CPU
		{962169C4-82A3-4DFB-B7C0-5D7FE1BD840F}.Debug|Any CPU.ActiveCfg = Debug|Any CPU
		{962169C4-82A3-4DFB-B7C0-5D7FE1BD840F}.Debug|Any CPU.Build.0 = Debug|Any CPU
		{962169C4-82A3-4DFB-B7C0-5D7FE1BD840F}.Release|Any CPU.ActiveCfg = Release|Any CPU
		{962169C4-82A3-4DFB-B7C0-5D7FE1BD840F}.Release|Any CPU.Build.0 = Release|Any CPU
		{7CEA2488-9BC1-4095-A467-B002F06034A6}.Debug|Any CPU.ActiveCfg = Debug|Any CPU
		{7CEA2488-9BC1-4095-A467-B002F06034A6}.Debug|Any CPU.Build.0 = Debug|Any CPU
		{7CEA2488-9BC1-4095-A467-B002F06034A6}.Release|Any CPU.ActiveCfg = Release|Any CPU
		{7CEA2488-9BC1-4095-A467-B002F06034A6}.Release|Any CPU.Build.0 = Release|Any CPU
	EndGlobalSection
	GlobalSection(SolutionProperties) = preSolution
		HideSolutionNode = FALSE
	EndGlobalSection
	GlobalSection(ExtensibilityGlobals) = postSolution
		SolutionGuid = {EF0D22AC-E853-40C6-AAD6-D4753D048F21}
	EndGlobalSection
EndGlobal
